
Microsoft Visual Studio Solution File, Format Version 12.00
Project("{FAE04EC0-301F-11D3-BF4B-00C04F79EFBC}") = "Domain", "Domain\Domain.csproj", "{BBD2EC67-DD1F-44B0-BECB-159DE0A745FE}"
EndProject
Project("{FAE04EC0-301F-11D3-BF4B-00C04F79EFBC}") = "Infrastructure", "Infrastructure\Infrastructure.csproj", "{C85D45D6-9E07-44DA-97FB-7D9C4A4B49F7}"
EndProject
Project("{FAE04EC0-301F-11D3-BF4B-00C04F79EFBC}") = "Presentation", "Presentation\Presentation.csproj", "{CE791BBE-7A98-4B9F-988D-9848D210438B}"
EndProject
Project("{FAE04EC0-301F-11D3-BF4B-00C04F79EFBC}") = "Application", "Application\Application.csproj", "{2E8FDFB7-EFAB-4CB5-AAA9-4D91255B1A9B}"
EndProject
Project("{FAE04EC0-301F-11D3-BF4B-00C04F79EFBC}") = "Playgounds", "Playgounds\Playgounds.csproj", "{FA4596DF-934F-4FE5-9A7F-09F9FFEC6EBB}"
EndProject
Global
	GlobalSection(SolutionConfigurationPlatforms) = preSolution
		Debug|Any CPU = Debug|Any CPU
		Release|Any CPU = Release|Any CPU
	EndGlobalSection
	GlobalSection(ProjectConfigurationPlatforms) = postSolution
		{BBD2EC67-DD1F-44B0-BECB-159DE0A745FE}.Debug|Any CPU.ActiveCfg = Debug|Any CPU
		{BBD2EC67-DD1F-44B0-BECB-159DE0A745FE}.Debug|Any CPU.Build.0 = Debug|Any CPU
		{BBD2EC67-DD1F-44B0-BECB-159DE0A745FE}.Release|Any CPU.ActiveCfg = Release|Any CPU
		{BBD2EC67-DD1F-44B0-BECB-159DE0A745FE}.Release|Any CPU.Build.0 = Release|Any CPU
		{C85D45D6-9E07-44DA-97FB-7D9C4A4B49F7}.Debug|Any CPU.ActiveCfg = Debug|Any CPU
		{C85D45D6-9E07-44DA-97FB-7D9C4A4B49F7}.Debug|Any CPU.Build.0 = Debug|Any CPU
		{C85D45D6-9E07-44DA-97FB-7D9C4A4B49F7}.Release|Any CPU.ActiveCfg = Release|Any CPU
		{C85D45D6-9E07-44DA-97FB-7D9C4A4B49F7}.Release|Any CPU.Build.0 = Release|Any CPU
		{CE791BBE-7A98-4B9F-988D-9848D210438B}.Debug|Any CPU.ActiveCfg = Debug|Any CPU
		{CE791BBE-7A98-4B9F-988D-9848D210438B}.Debug|Any CPU.Build.0 = Debug|Any CPU
		{CE791BBE-7A98-4B9F-988D-9848D210438B}.Release|Any CPU.ActiveCfg = Release|Any CPU
		{CE791BBE-7A98-4B9F-988D-9848D210438B}.Release|Any CPU.Build.0 = Release|Any CPU
		{2E8FDFB7-EFAB-4CB5-AAA9-4D91255B1A9B}.Debug|Any CPU.ActiveCfg = Debug|Any CPU
		{2E8FDFB7-EFAB-4CB5-AAA9-4D91255B1A9B}.Debug|Any CPU.Build.0 = Debug|Any CPU
		{2E8FDFB7-EFAB-4CB5-AAA9-4D91255B1A9B}.Release|Any CPU.ActiveCfg = Release|Any CPU
		{2E8FDFB7-EFAB-4CB5-AAA9-4D91255B1A9B}.Release|Any CPU.Build.0 = Release|Any CPU
		{FA4596DF-934F-4FE5-9A7F-09F9FFEC6EBB}.Debug|Any CPU.ActiveCfg = Debug|Any CPU
		{FA4596DF-934F-4FE5-9A7F-09F9FFEC6EBB}.Debug|Any CPU.Build.0 = Debug|Any CPU
		{FA4596DF-934F-4FE5-9A7F-09F9FFEC6EBB}.Release|Any CPU.ActiveCfg = Release|Any CPU
		{FA4596DF-934F-4FE5-9A7F-09F9FFEC6EBB}.Release|Any CPU.Build.0 = Release|Any CPU
	EndGlobalSection
EndGlobal
